
Microsoft Visual Studio Solution File, Format Version 12.00
# Visual Studio 2013
VisualStudioVersion = 12.0.40629.0
MinimumVisualStudioVersion = 10.0.40219.1
Project("{FAE04EC0-301F-11D3-BF4B-00C04F79EFBC}") = "Calculator", "Calculator\Calculator.csproj", "{86E587ED-C1E4-45FF-B632-F86A13F63B2F}"
EndProject
Project("{FAE04EC0-301F-11D3-BF4B-00C04F79EFBC}") = "UnitTestCalculator", "UnitTestCalculator\UnitTestCalculator.csproj", "{8F7D92EA-D1E4-4800-84D5-B9B657FE1567}"
EndProject
Global
	GlobalSection(SolutionConfigurationPlatforms) = preSolution
		Debug|Any CPU = Debug|Any CPU
		Release|Any CPU = Release|Any CPU
	EndGlobalSection
	GlobalSection(ProjectConfigurationPlatforms) = postSolution
		{86E587ED-C1E4-45FF-B632-F86A13F63B2F}.Debug|Any CPU.ActiveCfg = Debug|Any CPU
		{86E587ED-C1E4-45FF-B632-F86A13F63B2F}.Debug|Any CPU.Build.0 = Debug|Any CPU
		{86E587ED-C1E4-45FF-B632-F86A13F63B2F}.Release|Any CPU.ActiveCfg = Release|Any CPU
		{86E587ED-C1E4-45FF-B632-F86A13F63B2F}.Release|Any CPU.Build.0 = Release|Any CPU
		{8F7D92EA-D1E4-4800-84D5-B9B657FE1567}.Debug|Any CPU.ActiveCfg = Debug|Any CPU
		{8F7D92EA-D1E4-4800-84D5-B9B657FE1567}.Debug|Any CPU.Build.0 = Debug|Any CPU
		{8F7D92EA-D1E4-4800-84D5-B9B657FE1567}.Release|Any CPU.ActiveCfg = Release|Any CPU
		{8F7D92EA-D1E4-4800-84D5-B9B657FE1567}.Release|Any CPU.Build.0 = Release|Any CPU
	EndGlobalSection
	GlobalSection(SolutionProperties) = preSolution
		HideSolutionNode = FALSE
	EndGlobalSection
EndGlobal
